
Microsoft Visual Studio Solution File, Format Version 10.00
# Visual Studio 2008
Project("{8BC9CEB8-8B4A-11D0-8D11-00A0C91BC942}") = "pthread", "pthread.vcproj", "{420D8ADF-C6AC-461A-824A-BC0CA4857F17}"
EndProject
Global
	GlobalSection(SolutionConfigurationPlatforms) = preSolution
		Debug|Win32 = Debug|Win32
		Debug|Windows Mobile 6 Professional SDK (ARMV4I) = Debug|Windows Mobile 6 Professional SDK (ARMV4I)
		Debug|Windows Mobile 6 Standard SDK (ARMV4I) = Debug|Windows Mobile 6 Standard SDK (ARMV4I)
		Release|Win32 = Release|Win32
		Release|Windows Mobile 6 Professional SDK (ARMV4I) = Release|Windows Mobile 6 Professional SDK (ARMV4I)
		Release|Windows Mobile 6 Standard SDK (ARMV4I) = Release|Windows Mobile 6 Standard SDK (ARMV4I)
	EndGlobalSection
	GlobalSection(ProjectConfigurationPlatforms) = postSolution
		{420D8ADF-C6AC-461A-824A-BC0CA4857F17}.Debug|Win32.ActiveCfg = Debug|Win32
		{420D8ADF-C6AC-461A-824A-BC0CA4857F17}.Debug|Win32.Build.0 = Debug|Win32
		{420D8ADF-C6AC-461A-824A-BC0CA4857F17}.Debug|Windows Mobile 6 Professional SDK (ARMV4I).ActiveCfg = Debug|Windows Mobile 6 Professional SDK (ARMV4I)
		{420D8ADF-C6AC-461A-824A-BC0CA4857F17}.Debug|Windows Mobile 6 Professional SDK (ARMV4I).Build.0 = Debug|Windows Mobile 6 Professional SDK (ARMV4I)
		{420D8ADF-C6AC-461A-824A-BC0CA4857F17}.Debug|Windows Mobile 6 Professional SDK (ARMV4I).Deploy.0 = Debug|Windows Mobile 6 Professional SDK (ARMV4I)
		{420D8ADF-C6AC-461A-824A-BC0CA4857F17}.Debug|Windows Mobile 6 Standard SDK (ARMV4I).ActiveCfg = Debug|Windows Mobile 6 Standard SDK (ARMV4I)
		{420D8ADF-C6AC-461A-824A-BC0CA4857F17}.Debug|Windows Mobile 6 Standard SDK (ARMV4I).Build.0 = Debug|Windows Mobile 6 Standard SDK (ARMV4I)
		{420D8ADF-C6AC-461A-824A-BC0CA4857F17}.Debug|Windows Mobile 6 Standard SDK (ARMV4I).Deploy.0 = Debug|Windows Mobile 6 Standard SDK (ARMV4I)
		{420D8ADF-C6AC-461A-824A-BC0CA4857F17}.Release|Win32.ActiveCfg = Release|Win32
		{420D8ADF-C6AC-461A-824A-BC0CA4857F17}.Release|Win32.Build.0 = Release|Win32
		{420D8ADF-C6AC-461A-824A-BC0CA4857F17}.Release|Windows Mobile 6 Professional SDK (ARMV4I).ActiveCfg = Release|Windows Mobile 6 Professional SDK (ARMV4I)
		{420D8ADF-C6AC-461A-824A-BC0CA4857F17}.Release|Windows Mobile 6 Professional SDK (ARMV4I).Build.0 = Release|Windows Mobile 6 Professional SDK (ARMV4I)
		{420D8ADF-C6AC-461A-824A-BC0CA4857F17}.Release|Windows Mobile 6 Professional SDK (ARMV4I).Deploy.0 = Release|Windows Mobile 6 Professional SDK (ARMV4I)
		{420D8ADF-C6AC-461A-824A-BC0CA4857F17}.Release|Windows Mobile 6 Standard SDK (ARMV4I).ActiveCfg = Release|Windows Mobile 6 Standard SDK (ARMV4I)
		{420D8ADF-C6AC-461A-824A-BC0CA4857F17}.Release|Windows Mobile 6 Standard SDK (ARMV4I).Build.0 = Release|Windows Mobile 6 Standard SDK (ARMV4I)
		{420D8ADF-C6AC-461A-824A-BC0CA4857F17}.Release|Windows Mobile 6 Standard SDK (ARMV4I).Deploy.0 = Release|Windows Mobile 6 Standard SDK (ARMV4I)
	EndGlobalSection
	GlobalSection(SolutionProperties) = preSolution
		HideSolutionNode = FALSE
	EndGlobalSection
EndGlobal
